// !$*UTF8*$!
{
	archiveVersion = 1;
	classes = {
	};
	objectVersion = 48;
	objects = {

/* Begin PBXBuildFile section */
		221FCEAAB261949BADEC8BAA /* libPods-PodTest.a in Frameworks */ = {isa = PBXBuildFile; fileRef = DDD3FAB11FB67491D2A0CBCA /* libPods-PodTest.a */; };
		655D7B381FEE918A0062697E /* AppDelegate.m in Sources */ = {isa = PBXBuildFile; fileRef = 655D7B371FEE918A0062697E /* AppDelegate.m */; };
		655D7B3B1FEE918A0062697E /* ViewController.m in Sources */ = {isa = PBXBuildFile; fileRef = 655D7B3A1FEE918A0062697E /* ViewController.m */; };
		655D7B3E1FEE918A0062697E /* Main.storyboard in Resources */ = {isa = PBXBuildFile; fileRef = 655D7B3C1FEE918A0062697E /* Main.storyboard */; };
		655D7B401FEE918A0062697E /* Assets.xcassets in Resources */ = {isa = PBXBuildFile; fileRef = 655D7B3F1FEE918A0062697E /* Assets.xcassets */; };
		655D7B431FEE918A0062697E /* LaunchScreen.storyboard in Resources */ = {isa = PBXBuildFile; fileRef = 655D7B411FEE918A0062697E /* LaunchScreen.storyboard */; };
		655D7B461FEE918A0062697E /* main.m in Sources */ = {isa = PBXBuildFile; fileRef = 655D7B451FEE918A0062697E /* main.m */; };
		655D7B501FEE918A0062697E /* PodTestTests.m in Sources */ = {isa = PBXBuildFile; fileRef = 655D7B4F1FEE918A0062697E /* PodTestTests.m */; };
		655D7B5B1FEE918A0062697E /* PodTestUITests.m in Sources */ = {isa = PBXBuildFile; fileRef = 655D7B5A1FEE918A0062697E /* PodTestUITests.m */; };
		65EAB7E11FF14CA10064044C /* RTSessionManager.m in Sources */ = {isa = PBXBuildFile; fileRef = 65EAB7E01FF14CA10064044C /* RTSessionManager.m */; };
		65EAB7E61FF15AB20064044C /* ForgetPassWordViewController.m in Sources */ = {isa = PBXBuildFile; fileRef = 65EAB7E41FF15AB20064044C /* ForgetPassWordViewController.m */; };
		65EAB7E71FF15AB20064044C /* ForgetPassWordViewController.xib in Resources */ = {isa = PBXBuildFile; fileRef = 65EAB7E51FF15AB20064044C /* ForgetPassWordViewController.xib */; };
		65EAB7EB1FF15ACD0064044C /* RegistrationViewController.m in Sources */ = {isa = PBXBuildFile; fileRef = 65EAB7E91FF15ACD0064044C /* RegistrationViewController.m */; };
		65EAB7EC1FF15ACD0064044C /* RegistrationViewController.xib in Resources */ = {isa = PBXBuildFile; fileRef = 65EAB7EA1FF15ACD0064044C /* RegistrationViewController.xib */; };
		65EAB7F01FF15AEE0064044C /* SuperViewController.m in Sources */ = {isa = PBXBuildFile; fileRef = 65EAB7EE1FF15AEE0064044C /* SuperViewController.m */; };
		65EAB7F11FF15AEE0064044C /* SuperViewController.xib in Resources */ = {isa = PBXBuildFile; fileRef = 65EAB7EF1FF15AEE0064044C /* SuperViewController.xib */; };
		65EAB7F51FF15AFF0064044C /* MainViewController.m in Sources */ = {isa = PBXBuildFile; fileRef = 65EAB7F31FF15AFF0064044C /* MainViewController.m */; };
		65EAB7F61FF15AFF0064044C /* MainViewController.xib in Resources */ = {isa = PBXBuildFile; fileRef = 65EAB7F41FF15AFF0064044C /* MainViewController.xib */; };
		65EAB7FA1FF164110064044C /* NextViewController.m in Sources */ = {isa = PBXBuildFile; fileRef = 65EAB7F81FF164110064044C /* NextViewController.m */; };
		65EAB7FB1FF164110064044C /* NextViewController.xib in Resources */ = {isa = PBXBuildFile; fileRef = 65EAB7F91FF164110064044C /* NextViewController.xib */; };
		65EAB8011FF165090064044C /* BaseModel.m in Sources */ = {isa = PBXBuildFile; fileRef = 65EAB8001FF165090064044C /* BaseModel.m */; };
		65EAB8051FF171E30064044C /* UIImage+Compression.m in Sources */ = {isa = PBXBuildFile; fileRef = 65EAB8041FF171E30064044C /* UIImage+Compression.m */; };
/* End PBXBuildFile section */

/* Begin PBXContainerItemProxy section */
		655D7B4C1FEE918A0062697E /* PBXContainerItemProxy */ = {
			isa = PBXContainerItemProxy;
			containerPortal = 655D7B2B1FEE918A0062697E /* Project object */;
			proxyType = 1;
			remoteGlobalIDString = 655D7B321FEE918A0062697E;
			remoteInfo = PodTest;
		};
		655D7B571FEE918A0062697E /* PBXContainerItemProxy */ = {
			isa = PBXContainerItemProxy;
			containerPortal = 655D7B2B1FEE918A0062697E /* Project object */;
			proxyType = 1;
			remoteGlobalIDString = 655D7B321FEE918A0062697E;
			remoteInfo = PodTest;
		};
/* End PBXContainerItemProxy section */

/* Begin PBXFileReference section */
		480ADE0DCDBE0533B3122EEA /* Pods-PodTest.debug.xcconfig */ = {isa = PBXFileReference; includeInIndex = 1; lastKnownFileType = text.xcconfig; name = "Pods-PodTest.debug.xcconfig"; path = "Pods/Target Support Files/Pods-PodTest/Pods-PodTest.debug.xcconfig"; sourceTree = "<group>"; };
		655D7B331FEE918A0062697E /* PodTest.app */ = {isa = PBXFileReference; explicitFileType = wrapper.application; includeInIndex = 0; path = PodTest.app; sourceTree = BUILT_PRODUCTS_DIR; };
		655D7B361FEE918A0062697E /* AppDelegate.h */ = {isa = PBXFileReference; lastKnownFileType = sourcecode.c.h; path = AppDelegate.h; sourceTree = "<group>"; };
		655D7B371FEE918A0062697E /* AppDelegate.m */ = {isa = PBXFileReference; lastKnownFileType = sourcecode.c.objc; path = AppDelegate.m; sourceTree = "<group>"; };
		655D7B391FEE918A0062697E /* ViewController.h */ = {isa = PBXFileReference; lastKnownFileType = sourcecode.c.h; path = ViewController.h; sourceTree = "<group>"; };
		655D7B3A1FEE918A0062697E /* ViewController.m */ = {isa = PBXFileReference; lastKnownFileType = sourcecode.c.objc; path = ViewController.m; sourceTree = "<group>"; };
		655D7B3D1FEE918A0062697E /* Base */ = {isa = PBXFileReference; lastKnownFileType = file.storyboard; name = Base; path = Base.lproj/Main.storyboard; sourceTree = "<group>"; };
		655D7B3F1FEE918A0062697E /* Assets.xcassets */ = {isa = PBXFileReference; lastKnownFileType = folder.assetcatalog; path = Assets.xcassets; sourceTree = "<group>"; };
		655D7B421FEE918A0062697E /* Base */ = {isa = PBXFileReference; lastKnownFileType = file.storyboard; name = Base; path = Base.lproj/LaunchScreen.storyboard; sourceTree = "<group>"; };
		655D7B441FEE918A0062697E /* Info.plist */ = {isa = PBXFileReference; lastKnownFileType = text.plist.xml; path = Info.plist; sourceTree = "<group>"; };
		655D7B451FEE918A0062697E /* main.m */ = {isa = PBXFileReference; lastKnownFileType = sourcecode.c.objc; path = main.m; sourceTree = "<group>"; };
		655D7B4B1FEE918A0062697E /* PodTestTests.xctest */ = {isa = PBXFileReference; explicitFileType = wrapper.cfbundle; includeInIndex = 0; path = PodTestTests.xctest; sourceTree = BUILT_PRODUCTS_DIR; };
		655D7B4F1FEE918A0062697E /* PodTestTests.m */ = {isa = PBXFileReference; lastKnownFileType = sourcecode.c.objc; path = PodTestTests.m; sourceTree = "<group>"; };
		655D7B511FEE918A0062697E /* Info.plist */ = {isa = PBXFileReference; lastKnownFileType = text.plist.xml; path = Info.plist; sourceTree = "<group>"; };
		655D7B561FEE918A0062697E /* PodTestUITests.xctest */ = {isa = PBXFileReference; explicitFileType = wrapper.cfbundle; includeInIndex = 0; path = PodTestUITests.xctest; sourceTree = BUILT_PRODUCTS_DIR; };
		655D7B5A1FEE918A0062697E /* PodTestUITests.m */ = {isa = PBXFileReference; lastKnownFileType = sourcecode.c.objc; path = PodTestUITests.m; sourceTree = "<group>"; };
		655D7B5C1FEE918A0062697E /* Info.plist */ = {isa = PBXFileReference; lastKnownFileType = text.plist.xml; path = Info.plist; sourceTree = "<group>"; };
		655D7B681FEECC5D0062697E /* PrefixHeader.pch */ = {isa = PBXFileReference; lastKnownFileType = sourcecode.c.h; path = PrefixHeader.pch; sourceTree = "<group>"; };
		655D7B691FEECDE90062697E /* ColorHeader.h */ = {isa = PBXFileReference; lastKnownFileType = sourcecode.c.h; path = ColorHeader.h; sourceTree = "<group>"; };
		655D7B6A1FEECE280062697E /* FrameHeader.h */ = {isa = PBXFileReference; lastKnownFileType = sourcecode.c.h; path = FrameHeader.h; sourceTree = "<group>"; };
		65EAB7DF1FF14CA10064044C /* RTSessionManager.h */ = {isa = PBXFileReference; lastKnownFileType = sourcecode.c.h; path = RTSessionManager.h; sourceTree = "<group>"; };
		65EAB7E01FF14CA10064044C /* RTSessionManager.m */ = {isa = PBXFileReference; lastKnownFileType = sourcecode.c.objc; path = RTSessionManager.m; sourceTree = "<group>"; };
		65EAB7E21FF14CF90064044C /* AllHeader.h */ = {isa = PBXFileReference; lastKnownFileType = sourcecode.c.h; path = AllHeader.h; sourceTree = "<group>"; };
		65EAB7E31FF15AB20064044C /* ForgetPassWordViewController.h */ = {isa = PBXFileReference; lastKnownFileType = sourcecode.c.h; path = ForgetPassWordViewController.h; sourceTree = "<group>"; };
		65EAB7E41FF15AB20064044C /* ForgetPassWordViewController.m */ = {isa = PBXFileReference; lastKnownFileType = sourcecode.c.objc; path = ForgetPassWordViewController.m; sourceTree = "<group>"; };
		65EAB7E51FF15AB20064044C /* ForgetPassWordViewController.xib */ = {isa = PBXFileReference; lastKnownFileType = file.xib; path = ForgetPassWordViewController.xib; sourceTree = "<group>"; };
		65EAB7E81FF15ACD0064044C /* RegistrationViewController.h */ = {isa = PBXFileReference; lastKnownFileType = sourcecode.c.h; path = RegistrationViewController.h; sourceTree = "<group>"; };
		65EAB7E91FF15ACD0064044C /* RegistrationViewController.m */ = {isa = PBXFileReference; lastKnownFileType = sourcecode.c.objc; path = RegistrationViewController.m; sourceTree = "<group>"; };
		65EAB7EA1FF15ACD0064044C /* RegistrationViewController.xib */ = {isa = PBXFileReference; lastKnownFileType = file.xib; path = RegistrationViewController.xib; sourceTree = "<group>"; };
		65EAB7ED1FF15AEE0064044C /* SuperViewController.h */ = {isa = PBXFileReference; lastKnownFileType = sourcecode.c.h; path = SuperViewController.h; sourceTree = "<group>"; };
		65EAB7EE1FF15AEE0064044C /* SuperViewController.m */ = {isa = PBXFileReference; lastKnownFileType = sourcecode.c.objc; path = SuperViewController.m; sourceTree = "<group>"; };
		65EAB7EF1FF15AEE0064044C /* SuperViewController.xib */ = {isa = PBXFileReference; lastKnownFileType = file.xib; path = SuperViewController.xib; sourceTree = "<group>"; };
		65EAB7F21FF15AFF0064044C /* MainViewController.h */ = {isa = PBXFileReference; lastKnownFileType = sourcecode.c.h; path = MainViewController.h; sourceTree = "<group>"; };
		65EAB7F31FF15AFF0064044C /* MainViewController.m */ = {isa = PBXFileReference; lastKnownFileType = sourcecode.c.objc; path = MainViewController.m; sourceTree = "<group>"; };
		65EAB7F41FF15AFF0064044C /* MainViewController.xib */ = {isa = PBXFileReference; lastKnownFileType = file.xib; path = MainViewController.xib; sourceTree = "<group>"; };
		65EAB7F71FF164110064044C /* NextViewController.h */ = {isa = PBXFileReference; lastKnownFileType = sourcecode.c.h; path = NextViewController.h; sourceTree = "<group>"; };
		65EAB7F81FF164110064044C /* NextViewController.m */ = {isa = PBXFileReference; lastKnownFileType = sourcecode.c.objc; path = NextViewController.m; sourceTree = "<group>"; };
		65EAB7F91FF164110064044C /* NextViewController.xib */ = {isa = PBXFileReference; lastKnownFileType = file.xib; path = NextViewController.xib; sourceTree = "<group>"; };
		65EAB7FF1FF165090064044C /* BaseModel.h */ = {isa = PBXFileReference; lastKnownFileType = sourcecode.c.h; path = BaseModel.h; sourceTree = "<group>"; };
		65EAB8001FF165090064044C /* BaseModel.m */ = {isa = PBXFileReference; lastKnownFileType = sourcecode.c.objc; path = BaseModel.m; sourceTree = "<group>"; };
		65EAB8031FF171E30064044C /* UIImage+Compression.h */ = {isa = PBXFileReference; lastKnownFileType = sourcecode.c.h; path = "UIImage+Compression.h"; sourceTree = "<group>"; };
		65EAB8041FF171E30064044C /* UIImage+Compression.m */ = {isa = PBXFileReference; lastKnownFileType = sourcecode.c.objc; path = "UIImage+Compression.m"; sourceTree = "<group>"; };
		65EAB8091FF173BA0064044C /* InterfaceHeader.h */ = {isa = PBXFileReference; lastKnownFileType = sourcecode.c.h; path = InterfaceHeader.h; sourceTree = "<group>"; };
		65EAB80A1FF174AE0064044C /* SystemParameterHeader.h */ = {isa = PBXFileReference; lastKnownFileType = sourcecode.c.h; path = SystemParameterHeader.h; sourceTree = "<group>"; };
		A9B19435BBBC5DE6A489EC79 /* Pods-PodTest.release.xcconfig */ = {isa = PBXFileReference; includeInIndex = 1; lastKnownFileType = text.xcconfig; name = "Pods-PodTest.release.xcconfig"; path = "Pods/Target Support Files/Pods-PodTest/Pods-PodTest.release.xcconfig"; sourceTree = "<group>"; };
		DDD3FAB11FB67491D2A0CBCA /* libPods-PodTest.a */ = {isa = PBXFileReference; explicitFileType = archive.ar; includeInIndex = 0; path = "libPods-PodTest.a"; sourceTree = BUILT_PRODUCTS_DIR; };
/* End PBXFileReference section */

/* Begin PBXFrameworksBuildPhase section */
		655D7B301FEE918A0062697E /* Frameworks */ = {
			isa = PBXFrameworksBuildPhase;
			buildActionMask = 2147483647;
			files = (
				221FCEAAB261949BADEC8BAA /* libPods-PodTest.a in Frameworks */,
			);
			runOnlyForDeploymentPostprocessing = 0;
		};
		655D7B481FEE918A0062697E /* Frameworks */ = {
			isa = PBXFrameworksBuildPhase;
			buildActionMask = 2147483647;
			files = (
			);
			runOnlyForDeploymentPostprocessing = 0;
		};
		655D7B531FEE918A0062697E /* Frameworks */ = {
			isa = PBXFrameworksBuildPhase;
			buildActionMask = 2147483647;
			files = (
			);
			runOnlyForDeploymentPostprocessing = 0;
		};
/* End PBXFrameworksBuildPhase section */

/* Begin PBXGroup section */
		17C5F019FBAB9FB1CCEA1DB2 /* Frameworks */ = {
			isa = PBXGroup;
			children = (
				DDD3FAB11FB67491D2A0CBCA /* libPods-PodTest.a */,
			);
			name = Frameworks;
			sourceTree = "<group>";
		};
		655D7B2A1FEE918A0062697E = {
			isa = PBXGroup;
			children = (
				655D7B351FEE918A0062697E /* PodTest */,
				655D7B4E1FEE918A0062697E /* PodTestTests */,
				655D7B591FEE918A0062697E /* PodTestUITests */,
				655D7B341FEE918A0062697E /* Products */,
				CBBDD3A6F1825F469532C05F /* Pods */,
				17C5F019FBAB9FB1CCEA1DB2 /* Frameworks */,
			);
			sourceTree = "<group>";
		};
		655D7B341FEE918A0062697E /* Products */ = {
			isa = PBXGroup;
			children = (
				655D7B331FEE918A0062697E /* PodTest.app */,
				655D7B4B1FEE918A0062697E /* PodTestTests.xctest */,
				655D7B561FEE918A0062697E /* PodTestUITests.xctest */,
			);
			name = Products;
			sourceTree = "<group>";
		};
		655D7B351FEE918A0062697E /* PodTest */ = {
			isa = PBXGroup;
			children = (
				65EAB7DE1FF14B9D0064044C /* ProgramEntrance */,
				65EAB7DD1FF14B990064044C /* Category */,
				65EAB7DC1FF14B960064044C /* Configuration */,
				65EAB7DB1FF14B930064044C /* Base */,
				65EAB7DA1FF14B750064044C /* Header */,
				655D7B361FEE918A0062697E /* AppDelegate.h */,
				655D7B371FEE918A0062697E /* AppDelegate.m */,
				655D7B3F1FEE918A0062697E /* Assets.xcassets */,
				655D7B411FEE918A0062697E /* LaunchScreen.storyboard */,
				655D7B441FEE918A0062697E /* Info.plist */,
				655D7B451FEE918A0062697E /* main.m */,
				655D7B681FEECC5D0062697E /* PrefixHeader.pch */,
			);
			path = PodTest;
			sourceTree = "<group>";
		};
		655D7B4E1FEE918A0062697E /* PodTestTests */ = {
			isa = PBXGroup;
			children = (
				655D7B4F1FEE918A0062697E /* PodTestTests.m */,
				655D7B511FEE918A0062697E /* Info.plist */,
			);
			path = PodTestTests;
			sourceTree = "<group>";
		};
		655D7B591FEE918A0062697E /* PodTestUITests */ = {
			isa = PBXGroup;
			children = (
				655D7B5A1FEE918A0062697E /* PodTestUITests.m */,
				655D7B5C1FEE918A0062697E /* Info.plist */,
			);
			path = PodTestUITests;
			sourceTree = "<group>";
		};
		65EAB7DA1FF14B750064044C /* Header */ = {
			isa = PBXGroup;
			children = (
				655D7B691FEECDE90062697E /* ColorHeader.h */,
				655D7B6A1FEECE280062697E /* FrameHeader.h */,
				65EAB7E21FF14CF90064044C /* AllHeader.h */,
				65EAB8091FF173BA0064044C /* InterfaceHeader.h */,
				65EAB80A1FF174AE0064044C /* SystemParameterHeader.h */,
			);
			path = Header;
			sourceTree = "<group>";
		};
		65EAB7DB1FF14B930064044C /* Base */ = {
			isa = PBXGroup;
			children = (
				65EAB7FE1FF164C20064044C /* BaseSession */,
				65EAB7FD1FF164B20064044C /* Model */,
				65EAB7FC1FF1649B0064044C /* BaseViewController */,
			);
			path = Base;
			sourceTree = "<group>";
		};
		65EAB7DC1FF14B960064044C /* Configuration */ = {
			isa = PBXGroup;
			children = (
			);
			path = Configuration;
			sourceTree = "<group>";
		};
		65EAB7DD1FF14B990064044C /* Category */ = {
			isa = PBXGroup;
			children = (
				65EAB8031FF171E30064044C /* UIImage+Compression.h */,
				65EAB8041FF171E30064044C /* UIImage+Compression.m */,
			);
			path = Category;
			sourceTree = "<group>";
		};
		65EAB7DE1FF14B9D0064044C /* ProgramEntrance */ = {
			isa = PBXGroup;
			children = (
				65EAB8071FF173050064044C /* MainModule */,
				65EAB8061FF172B70064044C /* LoginModule */,
			);
			path = ProgramEntrance;
			sourceTree = "<group>";
		};
		65EAB7FC1FF1649B0064044C /* BaseViewController */ = {
			isa = PBXGroup;
			children = (
				65EAB7ED1FF15AEE0064044C /* SuperViewController.h */,
				65EAB7EE1FF15AEE0064044C /* SuperViewController.m */,
				65EAB7EF1FF15AEE0064044C /* SuperViewController.xib */,
			);
			path = BaseViewController;
			sourceTree = "<group>";
		};
		65EAB7FD1FF164B20064044C /* Model */ = {
			isa = PBXGroup;
			children = (
				65EAB7FF1FF165090064044C /* BaseModel.h */,
				65EAB8001FF165090064044C /* BaseModel.m */,
			);
			path = Model;
			sourceTree = "<group>";
		};
		65EAB7FE1FF164C20064044C /* BaseSession */ = {
			isa = PBXGroup;
			children = (
				65EAB7DF1FF14CA10064044C /* RTSessionManager.h */,
				65EAB7E01FF14CA10064044C /* RTSessionManager.m */,
			);
			path = BaseSession;
			sourceTree = "<group>";
		};
		65EAB8061FF172B70064044C /* LoginModule */ = {
			isa = PBXGroup;
			children = (
				65EAB7E81FF15ACD0064044C /* RegistrationViewController.h */,
				65EAB7E91FF15ACD0064044C /* RegistrationViewController.m */,
				65EAB7EA1FF15ACD0064044C /* RegistrationViewController.xib */,
				65EAB7E31FF15AB20064044C /* ForgetPassWordViewController.h */,
				65EAB7E41FF15AB20064044C /* ForgetPassWordViewController.m */,
				65EAB7E51FF15AB20064044C /* ForgetPassWordViewController.xib */,
				655D7B391FEE918A0062697E /* ViewController.h */,
				655D7B3A1FEE918A0062697E /* ViewController.m */,
				655D7B3C1FEE918A0062697E /* Main.storyboard */,
			);
			path = LoginModule;
			sourceTree = "<group>";
		};
		65EAB8071FF173050064044C /* MainModule */ = {
			isa = PBXGroup;
			children = (
				65EAB7F21FF15AFF0064044C /* MainViewController.h */,
				65EAB7F31FF15AFF0064044C /* MainViewController.m */,
				65EAB7F41FF15AFF0064044C /* MainViewController.xib */,
				65EAB8081FF173370064044C /* SubModule */,
			);
			path = MainModule;
			sourceTree = "<group>";
		};
		65EAB8081FF173370064044C /* SubModule */ = {
			isa = PBXGroup;
			children = (
				65EAB7F71FF164110064044C /* NextViewController.h */,
				65EAB7F81FF164110064044C /* NextViewController.m */,
				65EAB7F91FF164110064044C /* NextViewController.xib */,
			);
			path = SubModule;
			sourceTree = "<group>";
		};
		CBBDD3A6F1825F469532C05F /* Pods */ = {
			isa = PBXGroup;
			children = (
				480ADE0DCDBE0533B3122EEA /* Pods-PodTest.debug.xcconfig */,
				A9B19435BBBC5DE6A489EC79 /* Pods-PodTest.release.xcconfig */,
			);
			name = Pods;
			sourceTree = "<group>";
		};
/* End PBXGroup section */

/* Begin PBXNativeTarget section */
		655D7B321FEE918A0062697E /* PodTest */ = {
			isa = PBXNativeTarget;
			buildConfigurationList = 655D7B5F1FEE918A0062697E /* Build configuration list for PBXNativeTarget "PodTest" */;
			buildPhases = (
				F9BB10E5D79016427D0D91A8 /* [CP] Check Pods Manifest.lock */,
				655D7B2F1FEE918A0062697E /* Sources */,
				655D7B301FEE918A0062697E /* Frameworks */,
				655D7B311FEE918A0062697E /* Resources */,
				2246BE47D058F73668D91B1A /* [CP] Embed Pods Frameworks */,
				DA5385146740991C45198F51 /* [CP] Copy Pods Resources */,
			);
			buildRules = (
			);
			dependencies = (
			);
			name = PodTest;
			productName = PodTest;
			productReference = 655D7B331FEE918A0062697E /* PodTest.app */;
			productType = "com.apple.product-type.application";
		};
		655D7B4A1FEE918A0062697E /* PodTestTests */ = {
			isa = PBXNativeTarget;
			buildConfigurationList = 655D7B621FEE918A0062697E /* Build configuration list for PBXNativeTarget "PodTestTests" */;
			buildPhases = (
				655D7B471FEE918A0062697E /* Sources */,
				655D7B481FEE918A0062697E /* Frameworks */,
				655D7B491FEE918A0062697E /* Resources */,
			);
			buildRules = (
			);
			dependencies = (
				655D7B4D1FEE918A0062697E /* PBXTargetDependency */,
			);
			name = PodTestTests;
			productName = PodTestTests;
			productReference = 655D7B4B1FEE918A0062697E /* PodTestTests.xctest */;
			productType = "com.apple.product-type.bundle.unit-test";
		};
		655D7B551FEE918A0062697E /* PodTestUITests */ = {
			isa = PBXNativeTarget;
			buildConfigurationList = 655D7B651FEE918A0062697E /* Build configuration list for PBXNativeTarget "PodTestUITests" */;
			buildPhases = (
				655D7B521FEE918A0062697E /* Sources */,
				655D7B531FEE918A0062697E /* Frameworks */,
				655D7B541FEE918A0062697E /* Resources */,
			);
			buildRules = (
			);
			dependencies = (
				655D7B581FEE918A0062697E /* PBXTargetDependency */,
			);
			name = PodTestUITests;
			productName = PodTestUITests;
			productReference = 655D7B561FEE918A0062697E /* PodTestUITests.xctest */;
			productType = "com.apple.product-type.bundle.ui-testing";
		};
/* End PBXNativeTarget section */

/* Begin PBXProject section */
		655D7B2B1FEE918A0062697E /* Project object */ = {
			isa = PBXProject;
			attributes = {
				LastUpgradeCheck = 0920;
				ORGANIZATIONNAME = RT;
				TargetAttributes = {
					655D7B321FEE918A0062697E = {
						CreatedOnToolsVersion = 9.2;
						ProvisioningStyle = Automatic;
					};
					655D7B4A1FEE918A0062697E = {
						CreatedOnToolsVersion = 9.2;
						ProvisioningStyle = Automatic;
						TestTargetID = 655D7B321FEE918A0062697E;
					};
					655D7B551FEE918A0062697E = {
						CreatedOnToolsVersion = 9.2;
						ProvisioningStyle = Automatic;
						TestTargetID = 655D7B321FEE918A0062697E;
					};
				};
			};
			buildConfigurationList = 655D7B2E1FEE918A0062697E /* Build configuration list for PBXProject "PodTest" */;
			compatibilityVersion = "Xcode 8.0";
			developmentRegion = en;
			hasScannedForEncodings = 0;
			knownRegions = (
				en,
				Base,
			);
			mainGroup = 655D7B2A1FEE918A0062697E;
			productRefGroup = 655D7B341FEE918A0062697E /* Products */;
			projectDirPath = "";
			projectRoot = "";
			targets = (
				655D7B321FEE918A0062697E /* PodTest */,
				655D7B4A1FEE918A0062697E /* PodTestTests */,
				655D7B551FEE918A0062697E /* PodTestUITests */,
			);
		};
/* End PBXProject section */

/* Begin PBXResourcesBuildPhase section */
		655D7B311FEE918A0062697E /* Resources */ = {
			isa = PBXResourcesBuildPhase;
			buildActionMask = 2147483647;
			files = (
				65EAB7EC1FF15ACD0064044C /* RegistrationViewController.xib in Resources */,
				65EAB7E71FF15AB20064044C /* ForgetPassWordViewController.xib in Resources */,
				655D7B431FEE918A0062697E /* LaunchScreen.storyboard in Resources */,
				655D7B401FEE918A0062697E /* Assets.xcassets in Resources */,
				65EAB7F11FF15AEE0064044C /* SuperViewController.xib in Resources */,
				65EAB7FB1FF164110064044C /* NextViewController.xib in Resources */,
				65EAB7F61FF15AFF0064044C /* MainViewController.xib in Resources */,
				655D7B3E1FEE918A0062697E /* Main.storyboard in Resources */,
			);
			runOnlyForDeploymentPostprocessing = 0;
		};
		655D7B491FEE918A0062697E /* Resources */ = {
			isa = PBXResourcesBuildPhase;
			buildActionMask = 2147483647;
			files = (
			);
			runOnlyForDeploymentPostprocessing = 0;
		};
		655D7B541FEE918A0062697E /* Resources */ = {
			isa = PBXResourcesBuildPhase;
			buildActionMask = 2147483647;
			files = (
			);
			runOnlyForDeploymentPostprocessing = 0;
		};
/* End PBXResourcesBuildPhase section */

/* Begin PBXShellScriptBuildPhase section */
		2246BE47D058F73668D91B1A /* [CP] Embed Pods Frameworks */ = {
			isa = PBXShellScriptBuildPhase;
			buildActionMask = 2147483647;
			files = (
			);
			inputPaths = (
			);
			name = "[CP] Embed Pods Frameworks";
			outputPaths = (
			);
			runOnlyForDeploymentPostprocessing = 0;
			shellPath = /bin/sh;
			shellScript = "\"${SRCROOT}/Pods/Target Support Files/Pods-PodTest/Pods-PodTest-frameworks.sh\"\n";
			showEnvVarsInLog = 0;
		};
		DA5385146740991C45198F51 /* [CP] Copy Pods Resources */ = {
			isa = PBXShellScriptBuildPhase;
			buildActionMask = 2147483647;
			files = (
			);
			inputPaths = (
			);
			name = "[CP] Copy Pods Resources";
			outputPaths = (
			);
			runOnlyForDeploymentPostprocessing = 0;
			shellPath = /bin/sh;
			shellScript = "\"${SRCROOT}/Pods/Target Support Files/Pods-PodTest/Pods-PodTest-resources.sh\"\n";
			showEnvVarsInLog = 0;
		};
		F9BB10E5D79016427D0D91A8 /* [CP] Check Pods Manifest.lock */ = {
			isa = PBXShellScriptBuildPhase;
			buildActionMask = 2147483647;
			files = (
			);
			inputPaths = (
			);
			name = "[CP] Check Pods Manifest.lock";
			outputPaths = (
			);
			runOnlyForDeploymentPostprocessing = 0;
			shellPath = /bin/sh;
			shellScript = "diff \"${PODS_ROOT}/../Podfile.lock\" \"${PODS_ROOT}/Manifest.lock\" > /dev/null\nif [ $? != 0 ] ; then\n    # print error to STDERR\n    echo \"error: The sandbox is not in sync with the Podfile.lock. Run 'pod install' or update your CocoaPods installation.\" >&2\n    exit 1\nfi\n";
			showEnvVarsInLog = 0;
		};
/* End PBXShellScriptBuildPhase section */

/* Begin PBXSourcesBuildPhase section */
		655D7B2F1FEE918A0062697E /* Sources */ = {
			isa = PBXSourcesBuildPhase;
			buildActionMask = 2147483647;
			files = (
				65EAB7F01FF15AEE0064044C /* SuperViewController.m in Sources */,
				65EAB7FA1FF164110064044C /* NextViewController.m in Sources */,
				655D7B3B1FEE918A0062697E /* ViewController.m in Sources */,
				65EAB8051FF171E30064044C /* UIImage+Compression.m in Sources */,
				65EAB7EB1FF15ACD0064044C /* RegistrationViewController.m in Sources */,
				65EAB7F51FF15AFF0064044C /* MainViewController.m in Sources */,
				655D7B461FEE918A0062697E /* main.m in Sources */,
				65EAB7E61FF15AB20064044C /* ForgetPassWordViewController.m in Sources */,
				65EAB7E11FF14CA10064044C /* RTSessionManager.m in Sources */,
				65EAB8011FF165090064044C /* BaseModel.m in Sources */,
				655D7B381FEE918A0062697E /* AppDelegate.m in Sources */,
			);
			runOnlyForDeploymentPostprocessing = 0;
		};
		655D7B471FEE918A0062697E /* Sources */ = {
			isa = PBXSourcesBuildPhase;
			buildActionMask = 2147483647;
			files = (
				655D7B501FEE918A0062697E /* PodTestTests.m in Sources */,
			);
			runOnlyForDeploymentPostprocessing = 0;
		};
		655D7B521FEE918A0062697E /* Sources */ = {
			isa = PBXSourcesBuildPhase;
			buildActionMask = 2147483647;
			files = (
				655D7B5B1FEE918A0062697E /* PodTestUITests.m in Sources */,
			);
			runOnlyForDeploymentPostprocessing = 0;
		};
/* End PBXSourcesBuildPhase section */

/* Begin PBXTargetDependency section */
		655D7B4D1FEE918A0062697E /* PBXTargetDependency */ = {
			isa = PBXTargetDependency;
			target = 655D7B321FEE918A0062697E /* PodTest */;
			targetProxy = 655D7B4C1FEE918A0062697E /* PBXContainerItemProxy */;
		};
		655D7B581FEE918A0062697E /* PBXTargetDependency */ = {
			isa = PBXTargetDependency;
			target = 655D7B321FEE918A0062697E /* PodTest */;
			targetProxy = 655D7B571FEE918A0062697E /* PBXContainerItemProxy */;
		};
/* End PBXTargetDependency section */

/* Begin PBXVariantGroup section */
		655D7B3C1FEE918A0062697E /* Main.storyboard */ = {
			isa = PBXVariantGroup;
			children = (
				655D7B3D1FEE918A0062697E /* Base */,
			);
			name = Main.storyboard;
			sourceTree = "<group>";
		};
		655D7B411FEE918A0062697E /* LaunchScreen.storyboard */ = {
			isa = PBXVariantGroup;
			children = (
				655D7B421FEE918A0062697E /* Base */,
			);
			name = LaunchScreen.storyboard;
			sourceTree = "<group>";
		};
/* End PBXVariantGroup section */

/* Begin XCBuildConfiguration section */
		655D7B5D1FEE918A0062697E /* Debug */ = {
			isa = XCBuildConfiguration;
			buildSettings = {
				ALWAYS_SEARCH_USER_PATHS = NO;
				CLANG_ANALYZER_NONNULL = YES;
				CLANG_ANALYZER_NUMBER_OBJECT_CONVERSION = YES_AGGRESSIVE;
				CLANG_CXX_LANGUAGE_STANDARD = "gnu++14";
				CLANG_CXX_LIBRARY = "libc++";
				CLANG_ENABLE_MODULES = YES;
				CLANG_ENABLE_OBJC_ARC = YES;
				CLANG_WARN_BLOCK_CAPTURE_AUTORELEASING = YES;
				CLANG_WARN_BOOL_CONVERSION = YES;
				CLANG_WARN_COMMA = YES;
				CLANG_WARN_CONSTANT_CONVERSION = YES;
				CLANG_WARN_DIRECT_OBJC_ISA_USAGE = YES_ERROR;
				CLANG_WARN_DOCUMENTATION_COMMENTS = YES;
				CLANG_WARN_EMPTY_BODY = YES;
				CLANG_WARN_ENUM_CONVERSION = YES;
				CLANG_WARN_INFINITE_RECURSION = YES;
				CLANG_WARN_INT_CONVERSION = YES;
				CLANG_WARN_NON_LITERAL_NULL_CONVERSION = YES;
				CLANG_WARN_OBJC_LITERAL_CONVERSION = YES;
				CLANG_WARN_OBJC_ROOT_CLASS = YES_ERROR;
				CLANG_WARN_RANGE_LOOP_ANALYSIS = YES;
				CLANG_WARN_STRICT_PROTOTYPES = YES;
				CLANG_WARN_SUSPICIOUS_MOVE = YES;
				CLANG_WARN_UNGUARDED_AVAILABILITY = YES_AGGRESSIVE;
				CLANG_WARN_UNREACHABLE_CODE = YES;
				CLANG_WARN__DUPLICATE_METHOD_MATCH = YES;
				CODE_SIGN_IDENTITY = "iPhone Developer";
				COPY_PHASE_STRIP = NO;
				DEBUG_INFORMATION_FORMAT = dwarf;
				ENABLE_STRICT_OBJC_MSGSEND = YES;
				ENABLE_TESTABILITY = YES;
				GCC_C_LANGUAGE_STANDARD = gnu11;
				GCC_DYNAMIC_NO_PIC = NO;
				GCC_NO_COMMON_BLOCKS = YES;
				GCC_OPTIMIZATION_LEVEL = 0;
				GCC_PREPROCESSOR_DEFINITIONS = (
					"DEBUG=1",
					"$(inherited)",
				);
				GCC_WARN_64_TO_32_BIT_CONVERSION = YES;
				GCC_WARN_ABOUT_RETURN_TYPE = YES_ERROR;
				GCC_WARN_UNDECLARED_SELECTOR = YES;
				GCC_WARN_UNINITIALIZED_AUTOS = YES_AGGRESSIVE;
				GCC_WARN_UNUSED_FUNCTION = YES;
				GCC_WARN_UNUSED_VARIABLE = YES;
				IPHONEOS_DEPLOYMENT_TARGET = 11.2;
				MTL_ENABLE_DEBUG_INFO = YES;
				ONLY_ACTIVE_ARCH = YES;
				SDKROOT = iphoneos;
			};
			name = Debug;
		};
		655D7B5E1FEE918A0062697E /* Release */ = {
			isa = XCBuildConfiguration;
			buildSettings = {
				ALWAYS_SEARCH_USER_PATHS = NO;
				CLANG_ANALYZER_NONNULL = YES;
				CLANG_ANALYZER_NUMBER_OBJECT_CONVERSION = YES_AGGRESSIVE;
				CLANG_CXX_LANGUAGE_STANDARD = "gnu++14";
				CLANG_CXX_LIBRARY = "libc++";
				CLANG_ENABLE_MODULES = YES;
				CLANG_ENABLE_OBJC_ARC = YES;
				CLANG_WARN_BLOCK_CAPTURE_AUTORELEASING = YES;
				CLANG_WARN_BOOL_CONVERSION = YES;
				CLANG_WARN_COMMA = YES;
				CLANG_WARN_CONSTANT_CONVERSION = YES;
				CLANG_WARN_DIRECT_OBJC_ISA_USAGE = YES_ERROR;
				CLANG_WARN_DOCUMENTATION_COMMENTS = YES;
				CLANG_WARN_EMPTY_BODY = YES;
				CLANG_WARN_ENUM_CONVERSION = YES;
				CLANG_WARN_INFINITE_RECURSION = YES;
				CLANG_WARN_INT_CONVERSION = YES;
				CLANG_WARN_NON_LITERAL_NULL_CONVERSION = YES;
				CLANG_WARN_OBJC_LITERAL_CONVERSION = YES;
				CLANG_WARN_OBJC_ROOT_CLASS = YES_ERROR;
				CLANG_WARN_RANGE_LOOP_ANALYSIS = YES;
				CLANG_WARN_STRICT_PROTOTYPES = YES;
				CLANG_WARN_SUSPICIOUS_MOVE = YES;
				CLANG_WARN_UNGUARDED_AVAILABILITY = YES_AGGRESSIVE;
				CLANG_WARN_UNREACHABLE_CODE = YES;
				CLANG_WARN__DUPLICATE_METHOD_MATCH = YES;
				CODE_SIGN_IDENTITY = "iPhone Developer";
				COPY_PHASE_STRIP = NO;
				DEBUG_INFORMATION_FORMAT = "dwarf-with-dsym";
				ENABLE_NS_ASSERTIONS = NO;
				ENABLE_STRICT_OBJC_MSGSEND = YES;
				GCC_C_LANGUAGE_STANDARD = gnu11;
				GCC_NO_COMMON_BLOCKS = YES;
				GCC_WARN_64_TO_32_BIT_CONVERSION = YES;
				GCC_WARN_ABOUT_RETURN_TYPE = YES_ERROR;
				GCC_WARN_UNDECLARED_SELECTOR = YES;
				GCC_WARN_UNINITIALIZED_AUTOS = YES_AGGRESSIVE;
				GCC_WARN_UNUSED_FUNCTION = YES;
				GCC_WARN_UNUSED_VARIABLE = YES;
				IPHONEOS_DEPLOYMENT_TARGET = 11.2;
				MTL_ENABLE_DEBUG_INFO = NO;
				SDKROOT = iphoneos;
				VALIDATE_PRODUCT = YES;
			};
			name = Release;
		};
		655D7B601FEE918A0062697E /* Debug */ = {
			isa = XCBuildConfiguration;
			baseConfigurationReference = 480ADE0DCDBE0533B3122EEA /* Pods-PodTest.debug.xcconfig */;
			buildSettings = {
				ASSETCATALOG_COMPILER_APPICON_NAME = AppIcon;
				ASSETCATALOG_COMPILER_LAUNCHIMAGE_NAME = LaunchImage;
				CODE_SIGN_STYLE = Automatic;
				GCC_PRECOMPILE_PREFIX_HEADER = YES;
				GCC_PREFIX_HEADER = "$(SRCROOT)/PodTest/PrefixHeader.pch";
				INFOPLIST_FILE = PodTest/Info.plist;
				LD_RUNPATH_SEARCH_PATHS = "$(inherited) @executable_path/Frameworks";
				PRODUCT_BUNDLE_IDENTIFIER = RT.PodTest;
				PRODUCT_NAME = "$(TARGET_NAME)";
				TARGETED_DEVICE_FAMILY = "1,2";
			};
			name = Debug;
		};
		655D7B611FEE918A0062697E /* Release */ = {
			isa = XCBuildConfiguration;
			baseConfigurationReference = A9B19435BBBC5DE6A489EC79 /* Pods-PodTest.release.xcconfig */;
			buildSettings = {
				ASSETCATALOG_COMPILER_APPICON_NAME = AppIcon;
				ASSETCATALOG_COMPILER_LAUNCHIMAGE_NAME = LaunchImage;
				CODE_SIGN_STYLE = Automatic;
				GCC_PRECOMPILE_PREFIX_HEADER = YES;
				GCC_PREFIX_HEADER = "$(SRCROOT)/PodTest/PrefixHeader.pch";
				INFOPLIST_FILE = PodTest/Info.plist;
				LD_RUNPATH_SEARCH_PATHS = "$(inherited) @executable_path/Frameworks";
				PRODUCT_BUNDLE_IDENTIFIER = RT.PodTest;
				PRODUCT_NAME = "$(TARGET_NAME)";
				TARGETED_DEVICE_FAMILY = "1,2";
			};
			name = Release;
		};
		655D7B631FEE918A0062697E /* Debug */ = {
			isa = XCBuildConfiguration;
			buildSettings = {
				BUNDLE_LOADER = "$(TEST_HOST)";
				CODE_SIGN_STYLE = Automatic;
				INFOPLIST_FILE = PodTestTests/Info.plist;
				LD_RUNPATH_SEARCH_PATHS = "$(inherited) @executable_path/Frameworks @loader_path/Frameworks";
				PRODUCT_BUNDLE_IDENTIFIER = RT.PodTestTests;
				PRODUCT_NAME = "$(TARGET_NAME)";
				TARGETED_DEVICE_FAMILY = "1,2";
				TEST_HOST = "$(BUILT_PRODUCTS_DIR)/PodTest.app/PodTest";
			};
			name = Debug;
		};
		655D7B641FEE918A0062697E /* Release */ = {
			isa = XCBuildConfiguration;
			buildSettings = {
				BUNDLE_LOADER = "$(TEST_HOST)";
				CODE_SIGN_STYLE = Automatic;
				INFOPLIST_FILE = PodTestTests/Info.plist;
				LD_RUNPATH_SEARCH_PATHS = "$(inherited) @executable_path/Frameworks @loader_path/Frameworks";
				PRODUCT_BUNDLE_IDENTIFIER = RT.PodTestTests;
				PRODUCT_NAME = "$(TARGET_NAME)";
				TARGETED_DEVICE_FAMILY = "1,2";
				TEST_HOST = "$(BUILT_PRODUCTS_DIR)/PodTest.app/PodTest";
			};
			name = Release;
		};
		655D7B661FEE918A0062697E /* Debug */ = {
			isa = XCBuildConfiguration;
			buildSettings = {
				CODE_SIGN_STYLE = Automatic;
				INFOPLIST_FILE = PodTestUITests/Info.plist;
				LD_RUNPATH_SEARCH_PATHS = "$(inherited) @executable_path/Frameworks @loader_path/Frameworks";
				PRODUCT_BUNDLE_IDENTIFIER = RT.PodTestUITests;
				PRODUCT_NAME = "$(TARGET_NAME)";
				TARGETED_DEVICE_FAMILY = "1,2";
				TEST_TARGET_NAME = PodTest;
			};
			name = Debug;
		};
		655D7B671FEE918A0062697E /* Release */ = {
			isa = XCBuildConfiguration;
			buildSettings = {
				CODE_SIGN_STYLE = Automatic;
				INFOPLIST_FILE = PodTestUITests/Info.plist;
				LD_RUNPATH_SEARCH_PATHS = "$(inherited) @executable_path/Frameworks @loader_path/Frameworks";
				PRODUCT_BUNDLE_IDENTIFIER = RT.PodTestUITests;
				PRODUCT_NAME = "$(TARGET_NAME)";
				TARGETED_DEVICE_FAMILY = "1,2";
				TEST_TARGET_NAME = PodTest;
			};
			name = Release;
		};
/* End XCBuildConfiguration section */

/* Begin XCConfigurationList section */
		655D7B2E1FEE918A0062697E /* Build configuration list for PBXProject "PodTest" */ = {
			isa = XCConfigurationList;
			buildConfigurations = (
				655D7B5D1FEE918A0062697E /* Debug */,
				655D7B5E1FEE918A0062697E /* Release */,
			);
			defaultConfigurationIsVisible = 0;
			defaultConfigurationName = Release;
		};
		655D7B5F1FEE918A0062697E /* Build configuration list for PBXNativeTarget "PodTest" */ = {
			isa = XCConfigurationList;
			buildConfigurations = (
				655D7B601FEE918A0062697E /* Debug */,
				655D7B611FEE918A0062697E /* Release */,
			);
			defaultConfigurationIsVisible = 0;
			defaultConfigurationName = Release;
		};
		655D7B621FEE918A0062697E /* Build configuration list for PBXNativeTarget "PodTestTests" */ = {
			isa = XCConfigurationList;
			buildConfigurations = (
				655D7B631FEE918A0062697E /* Debug */,
				655D7B641FEE918A0062697E /* Release */,
			);
			defaultConfigurationIsVisible = 0;
			defaultConfigurationName = Release;
		};
		655D7B651FEE918A0062697E /* Build configuration list for PBXNativeTarget "PodTestUITests" */ = {
			isa = XCConfigurationList;
			buildConfigurations = (
				655D7B661FEE918A0062697E /* Debug */,
				655D7B671FEE918A0062697E /* Release */,
			);
			defaultConfigurationIsVisible = 0;
			defaultConfigurationName = Release;
		};
/* End XCConfigurationList section */
	};
	rootObject = 655D7B2B1FEE918A0062697E /* Project object */;
}
